
Microsoft Visual Studio Solution File, Format Version 12.00
Project("{FAE04EC0-301F-11D3-BF4B-00C04F79EFBC}") = "InnoClinic.DAL", "InnoClinic.DAL\InnoClinic.DAL.csproj", "{1071BB0A-96F0-44FA-9EE5-CEB89B526AA6}"
EndProject
Project("{FAE04EC0-301F-11D3-BF4B-00C04F79EFBC}") = "InnoClinic.Tests", "InnoClinic.Tests\InnoClinic.Tests.csproj", "{1293C9BA-775F-41FD-9B42-38B0DEF26EC2}"
EndProject
Global
	GlobalSection(SolutionConfigurationPlatforms) = preSolution
		Debug|Any CPU = Debug|Any CPU
		Release|Any CPU = Release|Any CPU
	EndGlobalSection
	GlobalSection(ProjectConfigurationPlatforms) = postSolution
		{1071BB0A-96F0-44FA-9EE5-CEB89B526AA6}.Debug|Any CPU.ActiveCfg = Debug|Any CPU
		{1071BB0A-96F0-44FA-9EE5-CEB89B526AA6}.Debug|Any CPU.Build.0 = Debug|Any CPU
		{1071BB0A-96F0-44FA-9EE5-CEB89B526AA6}.Release|Any CPU.ActiveCfg = Release|Any CPU
		{1071BB0A-96F0-44FA-9EE5-CEB89B526AA6}.Release|Any CPU.Build.0 = Release|Any CPU
		{1293C9BA-775F-41FD-9B42-38B0DEF26EC2}.Debug|Any CPU.ActiveCfg = Debug|Any CPU
		{1293C9BA-775F-41FD-9B42-38B0DEF26EC2}.Debug|Any CPU.Build.0 = Debug|Any CPU
		{1293C9BA-775F-41FD-9B42-38B0DEF26EC2}.Release|Any CPU.ActiveCfg = Release|Any CPU
		{1293C9BA-775F-41FD-9B42-38B0DEF26EC2}.Release|Any CPU.Build.0 = Release|Any CPU
	EndGlobalSection
EndGlobal
